
Microsoft Visual Studio Solution File, Format Version 12.00
# Visual Studio Version 16
VisualStudioVersion = 16.0.33529.622
MinimumVisualStudioVersion = 10.0.40219.1
Project("{FAE04EC0-301F-11D3-BF4B-00C04F79EFBC}") = "app-web-backend", "app-web-backend\app-web-backend.csproj", "{C39C95E7-F5AF-4E68-88E4-441B220D0AB1}"
EndProject
Global
	GlobalSection(SolutionConfigurationPlatforms) = preSolution
		Debug|Any CPU = Debug|Any CPU
		Release|Any CPU = Release|Any CPU
	EndGlobalSection
	GlobalSection(ProjectConfigurationPlatforms) = postSolution
		{C39C95E7-F5AF-4E68-88E4-441B220D0AB1}.Debug|Any CPU.ActiveCfg = Debug|Any CPU
		{C39C95E7-F5AF-4E68-88E4-441B220D0AB1}.Debug|Any CPU.Build.0 = Debug|Any CPU
		{C39C95E7-F5AF-4E68-88E4-441B220D0AB1}.Release|Any CPU.ActiveCfg = Release|Any CPU
		{C39C95E7-F5AF-4E68-88E4-441B220D0AB1}.Release|Any CPU.Build.0 = Release|Any CPU
	EndGlobalSection
	GlobalSection(SolutionProperties) = preSolution
		HideSolutionNode = FALSE
	EndGlobalSection
	GlobalSection(ExtensibilityGlobals) = postSolution
		SolutionGuid = {25961053-193E-43DB-94E4-848E135C627F}
	EndGlobalSection
EndGlobal
